{
	"name": "youperiod.app",
	"version": "0.0.1",
	"lockfileVersion": 2,
	"requires": true,
	"packages": {
		"": {
			"name": "youperiod.app",
			"version": "0.0.1",
			"dependencies": {
				"@getify/node-static-alias": "latest",
				"base64-arraybuffer": "~1.0.2",
				"hash-wasm": "~4.9.0",
				"idb-keyval": "~6.2.0"
			}
		},
		"node_modules/@getify/node-static": {
			"version": "0.7.14",
			"resolved": "https://registry.npmjs.org/@getify/node-static/-/node-static-0.7.14.tgz",
			"integrity": "sha512-bBAErK5snV8+YWzoHCTGzps1DTZbXiJFBGovUVO+BPtPfIrIBipZD6Q3GglToWhqdFwfNc/NMQcUcLCxltbIqA==",
			"dependencies": {
				"mime": "~2.4.6"
			}
		},
		"node_modules/@getify/node-static-alias": {
			"version": "1.1.5",
			"resolved": "https://registry.npmjs.org/@getify/node-static-alias/-/node-static-alias-1.1.5.tgz",
			"integrity": "sha512-uy/A3z0KgSRPGdSSRoCOuef+GstV+tbJX+H2WfzFLpLdC5o1I0EV3y8zCYVbB9THZCHdal2GNPHo5oOiPBoP9A==",
			"dependencies": {
				"@getify/node-static": "~0.7.14"
			}
		},
		"node_modules/base64-arraybuffer": {
			"version": "1.0.2",
			"resolved": "https://registry.npmjs.org/base64-arraybuffer/-/base64-arraybuffer-1.0.2.tgz",
			"integrity": "sha512-I3yl4r9QB5ZRY3XuJVEPfc2XhZO6YweFPI+UovAzn+8/hb3oJ6lnysaFcjVpkCPfVWFUDvoZ8kmVDP7WyRtYtQ==",
			"engines": {
				"node": ">= 0.6.0"
			}
		},
		"node_modules/hash-wasm": {
			"version": "4.9.0",
			"resolved": "https://registry.npmjs.org/hash-wasm/-/hash-wasm-4.9.0.tgz",
			"integrity": "sha512-7SW7ejyfnRxuOc7ptQHSf4LDoZaWOivfzqw+5rpcQku0nHfmicPKE51ra9BiRLAmT8+gGLestr1XroUkqdjL6w=="
		},
		"node_modules/idb-keyval": {
			"version": "6.2.0",
			"resolved": "https://registry.npmjs.org/idb-keyval/-/idb-keyval-6.2.0.tgz",
			"integrity": "sha512-uw+MIyQn2jl3+hroD7hF8J7PUviBU7BPKWw4f/ISf32D4LoGu98yHjrzWWJDASu9QNrX10tCJqk9YY0ClWm8Ng==",
			"dependencies": {
				"safari-14-idb-fix": "^3.0.0"
			}
		},
		"node_modules/mime": {
			"version": "2.4.7",
			"resolved": "https://registry.npmjs.org/mime/-/mime-2.4.7.tgz",
			"integrity": "sha512-dhNd1uA2u397uQk3Nv5LM4lm93WYDUXFn3Fu291FJerns4jyTudqhIWe4W04YLy7Uk1tm1Ore04NpjRvQp/NPA==",
			"bin": {
				"mime": "cli.js"
			},
			"engines": {
				"node": ">=4.0.0"
			}
		},
		"node_modules/safari-14-idb-fix": {
			"version": "3.0.0",
			"resolved": "https://registry.npmjs.org/safari-14-idb-fix/-/safari-14-idb-fix-3.0.0.tgz",
			"integrity": "sha512-eBNFLob4PMq8JA1dGyFn6G97q3/WzNtFK4RnzT1fnLq+9RyrGknzYiM/9B12MnKAxuj1IXr7UKYtTNtjyKMBog=="
		}
	},
	"dependencies": {
		"@getify/node-static": {
			"version": "0.7.14",
			"resolved": "https://registry.npmjs.org/@getify/node-static/-/node-static-0.7.14.tgz",
			"integrity": "sha512-bBAErK5snV8+YWzoHCTGzps1DTZbXiJFBGovUVO+BPtPfIrIBipZD6Q3GglToWhqdFwfNc/NMQcUcLCxltbIqA==",
			"requires": {
				"mime": "~2.4.6"
			}
		},
		"@getify/node-static-alias": {
			"version": "1.1.5",
			"resolved": "https://registry.npmjs.org/@getify/node-static-alias/-/node-static-alias-1.1.5.tgz",
			"integrity": "sha512-uy/A3z0KgSRPGdSSRoCOuef+GstV+tbJX+H2WfzFLpLdC5o1I0EV3y8zCYVbB9THZCHdal2GNPHo5oOiPBoP9A==",
			"requires": {
				"@getify/node-static": "~0.7.14"
			}
		},
		"base64-arraybuffer": {
			"version": "1.0.2",
			"resolved": "https://registry.npmjs.org/base64-arraybuffer/-/base64-arraybuffer-1.0.2.tgz",
			"integrity": "sha512-I3yl4r9QB5ZRY3XuJVEPfc2XhZO6YweFPI+UovAzn+8/hb3oJ6lnysaFcjVpkCPfVWFUDvoZ8kmVDP7WyRtYtQ=="
		},
		"hash-wasm": {
			"version": "4.9.0",
			"resolved": "https://registry.npmjs.org/hash-wasm/-/hash-wasm-4.9.0.tgz",
			"integrity": "sha512-7SW7ejyfnRxuOc7ptQHSf4LDoZaWOivfzqw+5rpcQku0nHfmicPKE51ra9BiRLAmT8+gGLestr1XroUkqdjL6w=="
		},
		"idb-keyval": {
			"version": "6.2.0",
			"resolved": "https://registry.npmjs.org/idb-keyval/-/idb-keyval-6.2.0.tgz",
			"integrity": "sha512-uw+MIyQn2jl3+hroD7hF8J7PUviBU7BPKWw4f/ISf32D4LoGu98yHjrzWWJDASu9QNrX10tCJqk9YY0ClWm8Ng==",
			"requires": {
				"safari-14-idb-fix": "^3.0.0"
			}
		},
		"mime": {
			"version": "2.4.7",
			"resolved": "https://registry.npmjs.org/mime/-/mime-2.4.7.tgz",
			"integrity": "sha512-dhNd1uA2u397uQk3Nv5LM4lm93WYDUXFn3Fu291FJerns4jyTudqhIWe4W04YLy7Uk1tm1Ore04NpjRvQp/NPA=="
		},
		"safari-14-idb-fix": {
			"version": "3.0.0",
			"resolved": "https://registry.npmjs.org/safari-14-idb-fix/-/safari-14-idb-fix-3.0.0.tgz",
			"integrity": "sha512-eBNFLob4PMq8JA1dGyFn6G97q3/WzNtFK4RnzT1fnLq+9RyrGknzYiM/9B12MnKAxuj1IXr7UKYtTNtjyKMBog=="
		}
	}
}
